
Microsoft Visual Studio Solution File, Format Version 12.00
# Visual Studio Version 17
VisualStudioVersion = 17.4.33205.214
MinimumVisualStudioVersion = 10.0.40219.1
Project("{FAE04EC0-301F-11D3-BF4B-00C04F79EFBC}") = "WebApiTeste", "WebApiTeste\WebApiTeste.csproj", "{D8CFE307-C4A5-4CC4-81E9-43286E7517A9}"
EndProject
Global
	GlobalSection(SolutionConfigurationPlatforms) = preSolution
		Debug|Any CPU = Debug|Any CPU
		Release|Any CPU = Release|Any CPU
	EndGlobalSection
	GlobalSection(ProjectConfigurationPlatforms) = postSolution
		{D8CFE307-C4A5-4CC4-81E9-43286E7517A9}.Debug|Any CPU.ActiveCfg = Debug|Any CPU
		{D8CFE307-C4A5-4CC4-81E9-43286E7517A9}.Debug|Any CPU.Build.0 = Debug|Any CPU
		{D8CFE307-C4A5-4CC4-81E9-43286E7517A9}.Release|Any CPU.ActiveCfg = Release|Any CPU
		{D8CFE307-C4A5-4CC4-81E9-43286E7517A9}.Release|Any CPU.Build.0 = Release|Any CPU
	EndGlobalSection
	GlobalSection(SolutionProperties) = preSolution
		HideSolutionNode = FALSE
	EndGlobalSection
	GlobalSection(ExtensibilityGlobals) = postSolution
		SolutionGuid = {D96EE8E7-89E8-4EA9-8D76-7B2EED1A052C}
	EndGlobalSection
EndGlobal
